dependencies:
- name: postgresql
  repository: oci://registry-1.docker.io/bitnamicharts
  version: 16.7.26
- name: redis
  repository: oci://registry-1.docker.io/bitnamicharts
  version: 22.0.4
- name: authentik-remote-cluster
  repository: https://charts.goauthentik.io
  version: 2.1.0
digest: sha256:52ac56939f320656cdd0f6dbf7420139146f5f986c91a9c8aa4255dbbfd06b64
generated: "2025-09-30T10:58:03.422542858Z"
