dependencies:
- name: postgresql
  repository: oci://registry-1.docker.io/bitnamicharts
  version: 16.7.26
- name: redis
  repository: oci://registry-1.docker.io/bitnamicharts
  version: 22.0.4
- name: authentik-remote-cluster
  repository: https://charts.goauthentik.io
  version: 2.1.0
- name: ingress-nginx
  repository: file://charts/ingress-nginx
  version: 4.13.0
- name: nginx-gateway-fabric
  repository: file://charts/nginx-gateway-fabric
  version: 2.3.0
digest: sha256:7cf86c69fc763870ab648fca2a3d04bfcd625fbeafd853d52aa270e5809fd5e6
generated: "2026-01-08T15:02:37.353908297+09:00"
